
Microsoft Visual Studio Solution File, Format Version 12.00
# Visual Studio Version 17
VisualStudioVersion = 17.4.33213.308
MinimumVisualStudioVersion = 10.0.40219.1
Project("{FAE04EC0-301F-11D3-BF4B-00C04F79EFBC}") = "Week7", "Week7\Week7.csproj", "{D0E72180-96E1-4635-A1FB-CB5F92184BEE}"
EndProject
Project("{FAE04EC0-301F-11D3-BF4B-00C04F79EFBC}") = "ArgumentAndParamiters", "ArgumentAndParamiters\ArgumentAndParamiters.csproj", "{28317538-585A-445C-9608-3E1C3242EA40}"
EndProject
Project("{FAE04EC0-301F-11D3-BF4B-00C04F79EFBC}") = "Calculator", "Calculator\Calculator.csproj", "{445774F7-7224-49A9-AB4C-814B2F3BBB57}"
EndProject
Project("{FAE04EC0-301F-11D3-BF4B-00C04F79EFBC}") = "DiscountCalculator", "DiscountCalculator\DiscountCalculator.csproj", "{34A6D609-AF92-45FB-A68A-671A9994921E}"
EndProject
Global
	GlobalSection(SolutionConfigurationPlatforms) = preSolution
		Debug|Any CPU = Debug|Any CPU
		Release|Any CPU = Release|Any CPU
	EndGlobalSection
	GlobalSection(ProjectConfigurationPlatforms) = postSolution
		{D0E72180-96E1-4635-A1FB-CB5F92184BEE}.Debug|Any CPU.ActiveCfg = Debug|Any CPU
		{D0E72180-96E1-4635-A1FB-CB5F92184BEE}.Debug|Any CPU.Build.0 = Debug|Any CPU
		{D0E72180-96E1-4635-A1FB-CB5F92184BEE}.Release|Any CPU.ActiveCfg = Release|Any CPU
		{D0E72180-96E1-4635-A1FB-CB5F92184BEE}.Release|Any CPU.Build.0 = Release|Any CPU
		{28317538-585A-445C-9608-3E1C3242EA40}.Debug|Any CPU.ActiveCfg = Debug|Any CPU
		{28317538-585A-445C-9608-3E1C3242EA40}.Debug|Any CPU.Build.0 = Debug|Any CPU
		{28317538-585A-445C-9608-3E1C3242EA40}.Release|Any CPU.ActiveCfg = Release|Any CPU
		{28317538-585A-445C-9608-3E1C3242EA40}.Release|Any CPU.Build.0 = Release|Any CPU
		{445774F7-7224-49A9-AB4C-814B2F3BBB57}.Debug|Any CPU.ActiveCfg = Debug|Any CPU
		{445774F7-7224-49A9-AB4C-814B2F3BBB57}.Debug|Any CPU.Build.0 = Debug|Any CPU
		{445774F7-7224-49A9-AB4C-814B2F3BBB57}.Release|Any CPU.ActiveCfg = Release|Any CPU
		{445774F7-7224-49A9-AB4C-814B2F3BBB57}.Release|Any CPU.Build.0 = Release|Any CPU
		{34A6D609-AF92-45FB-A68A-671A9994921E}.Debug|Any CPU.ActiveCfg = Debug|Any CPU
		{34A6D609-AF92-45FB-A68A-671A9994921E}.Debug|Any CPU.Build.0 = Debug|Any CPU
		{34A6D609-AF92-45FB-A68A-671A9994921E}.Release|Any CPU.ActiveCfg = Release|Any CPU
		{34A6D609-AF92-45FB-A68A-671A9994921E}.Release|Any CPU.Build.0 = Release|Any CPU
	EndGlobalSection
	GlobalSection(SolutionProperties) = preSolution
		HideSolutionNode = FALSE
	EndGlobalSection
	GlobalSection(ExtensibilityGlobals) = postSolution
		SolutionGuid = {165C5FCC-F799-49FF-BEFC-1EC94266BC6F}
	EndGlobalSection
EndGlobal
